
Microsoft Visual Studio Solution File, Format Version 12.00
# Visual Studio Version 17
VisualStudioVersion = 17.1.32421.90
MinimumVisualStudioVersion = 10.0.40219.1
Project("{FAE04EC0-301F-11D3-BF4B-00C04F79EFBC}") = "ToDoEntity", "ToDoEntity\ToDoEntity.csproj", "{A8332311-B820-46A1-B207-03681D71F9CB}"
EndProject
Global
	GlobalSection(SolutionConfigurationPlatforms) = preSolution
		Debug|Any CPU = Debug|Any CPU
		Release|Any CPU = Release|Any CPU
	EndGlobalSection
	GlobalSection(ProjectConfigurationPlatforms) = postSolution
		{A8332311-B820-46A1-B207-03681D71F9CB}.Debug|Any CPU.ActiveCfg = Debug|Any CPU
		{A8332311-B820-46A1-B207-03681D71F9CB}.Debug|Any CPU.Build.0 = Debug|Any CPU
		{A8332311-B820-46A1-B207-03681D71F9CB}.Release|Any CPU.ActiveCfg = Release|Any CPU
		{A8332311-B820-46A1-B207-03681D71F9CB}.Release|Any CPU.Build.0 = Release|Any CPU
	EndGlobalSection
	GlobalSection(SolutionProperties) = preSolution
		HideSolutionNode = FALSE
	EndGlobalSection
	GlobalSection(ExtensibilityGlobals) = postSolution
		SolutionGuid = {86F54401-3DF7-4456-8030-42403EDAC138}
	EndGlobalSection
EndGlobal
